
Microsoft Visual Studio Solution File, Format Version 12.00
# Visual Studio Version 16
VisualStudioVersion = 16.0.31613.86
MinimumVisualStudioVersion = 10.0.40219.1
Project("{FAE04EC0-301F-11D3-BF4B-00C04F79EFBC}") = "CapaNegocio", "CapaNegocio\CapaNegocio.csproj", "{726BE457-96A5-41EC-A6EF-CE7137DBBC7B}"
EndProject
Project("{FAE04EC0-301F-11D3-BF4B-00C04F79EFBC}") = "CapaPresentacion", "CapaPresentacion\CapaPresentacion.csproj", "{C334B047-C2FF-4BA1-936B-545AC7F190C7}"
EndProject
Global
	GlobalSection(SolutionConfigurationPlatforms) = preSolution
		Debug|Any CPU = Debug|Any CPU
		Release|Any CPU = Release|Any CPU
	EndGlobalSection
	GlobalSection(ProjectConfigurationPlatforms) = postSolution
		{726BE457-96A5-41EC-A6EF-CE7137DBBC7B}.Debug|Any CPU.ActiveCfg = Debug|Any CPU
		{726BE457-96A5-41EC-A6EF-CE7137DBBC7B}.Debug|Any CPU.Build.0 = Debug|Any CPU
		{726BE457-96A5-41EC-A6EF-CE7137DBBC7B}.Release|Any CPU.ActiveCfg = Release|Any CPU
		{726BE457-96A5-41EC-A6EF-CE7137DBBC7B}.Release|Any CPU.Build.0 = Release|Any CPU
		{C334B047-C2FF-4BA1-936B-545AC7F190C7}.Debug|Any CPU.ActiveCfg = Debug|Any CPU
		{C334B047-C2FF-4BA1-936B-545AC7F190C7}.Debug|Any CPU.Build.0 = Debug|Any CPU
		{C334B047-C2FF-4BA1-936B-545AC7F190C7}.Release|Any CPU.ActiveCfg = Release|Any CPU
		{C334B047-C2FF-4BA1-936B-545AC7F190C7}.Release|Any CPU.Build.0 = Release|Any CPU
	EndGlobalSection
	GlobalSection(SolutionProperties) = preSolution
		HideSolutionNode = FALSE
	EndGlobalSection
	GlobalSection(ExtensibilityGlobals) = postSolution
		SolutionGuid = {3E0A76FC-8BC8-4441-911E-2AD73AE15131}
	EndGlobalSection
EndGlobal
